
Microsoft Visual Studio Solution File, Format Version 12.00
# Visual Studio Version 17
VisualStudioVersion = 17.5.33516.290
MinimumVisualStudioVersion = 10.0.40219.1
Project("{FAE04EC0-301F-11D3-BF4B-00C04F79EFBC}") = "Ejercicio_17", "Ejercicio_17\Ejercicio_17.csproj", "{399685C4-9AF9-4238-9B68-2819590814D5}"
EndProject
Project("{FAE04EC0-301F-11D3-BF4B-00C04F79EFBC}") = "entidades", "entidades\entidades.csproj", "{3C7B8388-800E-455A-95C9-58BC2C42FDF1}"
EndProject
Global
	GlobalSection(SolutionConfigurationPlatforms) = preSolution
		Debug|Any CPU = Debug|Any CPU
		Release|Any CPU = Release|Any CPU
	EndGlobalSection
	GlobalSection(ProjectConfigurationPlatforms) = postSolution
		{399685C4-9AF9-4238-9B68-2819590814D5}.Debug|Any CPU.ActiveCfg = Debug|Any CPU
		{399685C4-9AF9-4238-9B68-2819590814D5}.Debug|Any CPU.Build.0 = Debug|Any CPU
		{399685C4-9AF9-4238-9B68-2819590814D5}.Release|Any CPU.ActiveCfg = Release|Any CPU
		{399685C4-9AF9-4238-9B68-2819590814D5}.Release|Any CPU.Build.0 = Release|Any CPU
		{3C7B8388-800E-455A-95C9-58BC2C42FDF1}.Debug|Any CPU.ActiveCfg = Debug|Any CPU
		{3C7B8388-800E-455A-95C9-58BC2C42FDF1}.Debug|Any CPU.Build.0 = Debug|Any CPU
		{3C7B8388-800E-455A-95C9-58BC2C42FDF1}.Release|Any CPU.ActiveCfg = Release|Any CPU
		{3C7B8388-800E-455A-95C9-58BC2C42FDF1}.Release|Any CPU.Build.0 = Release|Any CPU
	EndGlobalSection
	GlobalSection(SolutionProperties) = preSolution
		HideSolutionNode = FALSE
	EndGlobalSection
	GlobalSection(ExtensibilityGlobals) = postSolution
		SolutionGuid = {1786AD74-DBBA-4BF8-BE5D-3BE266A94F35}
	EndGlobalSection
EndGlobal
