
Microsoft Visual Studio Solution File, Format Version 12.00
# Visual Studio Version 17
VisualStudioVersion = 17.5.33516.290
MinimumVisualStudioVersion = 10.0.40219.1
Project("{FAE04EC0-301F-11D3-BF4B-00C04F79EFBC}") = "Ejercicio_I02", "Ejercicio_I02\Ejercicio_I02.csproj", "{5FA0C948-9C22-4303-8207-4AD882924C49}"
EndProject
Project("{FAE04EC0-301F-11D3-BF4B-00C04F79EFBC}") = "Entidades", "Entidades\Entidades.csproj", "{8AEDD95B-82F5-4D28-A02F-C456E0F25E8E}"
EndProject
Global
	GlobalSection(SolutionConfigurationPlatforms) = preSolution
		Debug|Any CPU = Debug|Any CPU
		Release|Any CPU = Release|Any CPU
	EndGlobalSection
	GlobalSection(ProjectConfigurationPlatforms) = postSolution
		{5FA0C948-9C22-4303-8207-4AD882924C49}.Debug|Any CPU.ActiveCfg = Debug|Any CPU
		{5FA0C948-9C22-4303-8207-4AD882924C49}.Debug|Any CPU.Build.0 = Debug|Any CPU
		{5FA0C948-9C22-4303-8207-4AD882924C49}.Release|Any CPU.ActiveCfg = Release|Any CPU
		{5FA0C948-9C22-4303-8207-4AD882924C49}.Release|Any CPU.Build.0 = Release|Any CPU
		{8AEDD95B-82F5-4D28-A02F-C456E0F25E8E}.Debug|Any CPU.ActiveCfg = Debug|Any CPU
		{8AEDD95B-82F5-4D28-A02F-C456E0F25E8E}.Debug|Any CPU.Build.0 = Debug|Any CPU
		{8AEDD95B-82F5-4D28-A02F-C456E0F25E8E}.Release|Any CPU.ActiveCfg = Release|Any CPU
		{8AEDD95B-82F5-4D28-A02F-C456E0F25E8E}.Release|Any CPU.Build.0 = Release|Any CPU
	EndGlobalSection
	GlobalSection(SolutionProperties) = preSolution
		HideSolutionNode = FALSE
	EndGlobalSection
	GlobalSection(ExtensibilityGlobals) = postSolution
		SolutionGuid = {987EE88E-8656-438C-B06B-83163426A96A}
	EndGlobalSection
EndGlobal
