
Microsoft Visual Studio Solution File, Format Version 12.00
# Visual Studio Version 17
VisualStudioVersion = 17.5.33516.290
MinimumVisualStudioVersion = 10.0.40219.1
Project("{FAE04EC0-301F-11D3-BF4B-00C04F79EFBC}") = "Ejercicio_27", "Ejercicio_27\Ejercicio_27.csproj", "{DB703586-6A18-4E3C-91DE-724D9B599596}"
EndProject
Global
	GlobalSection(SolutionConfigurationPlatforms) = preSolution
		Debug|Any CPU = Debug|Any CPU
		Release|Any CPU = Release|Any CPU
	EndGlobalSection
	GlobalSection(ProjectConfigurationPlatforms) = postSolution
		{DB703586-6A18-4E3C-91DE-724D9B599596}.Debug|Any CPU.ActiveCfg = Debug|Any CPU
		{DB703586-6A18-4E3C-91DE-724D9B599596}.Debug|Any CPU.Build.0 = Debug|Any CPU
		{DB703586-6A18-4E3C-91DE-724D9B599596}.Release|Any CPU.ActiveCfg = Release|Any CPU
		{DB703586-6A18-4E3C-91DE-724D9B599596}.Release|Any CPU.Build.0 = Release|Any CPU
	EndGlobalSection
	GlobalSection(SolutionProperties) = preSolution
		HideSolutionNode = FALSE
	EndGlobalSection
	GlobalSection(ExtensibilityGlobals) = postSolution
		SolutionGuid = {D4D4D4FB-A0A0-4BEF-A924-FB445174BF09}
	EndGlobalSection
EndGlobal
